// !$*UTF8*$!
{
	archiveVersion = 1;
	classes = {
	};
	objectVersion = 77;
	objects = {

/* Begin PBXContainerItemProxy section */
		F69E052F2DDB5EEE00133816 /* PBXContainerItemProxy */ = {
			isa = PBXContainerItemProxy;
			containerPortal = F69E05182DDB5EEC00133816 /* Project object */;
			proxyType = 1;
			remoteGlobalIDString = F69E051F2DDB5EEC00133816;
			remoteInfo = Holme;
		};
		F69E05392DDB5EEE00133816 /* PBXContainerItemProxy */ = {
			isa = PBXContainerItemProxy;
			containerPortal = F69E05182DDB5EEC00133816 /* Project object */;
			proxyType = 1;
			remoteGlobalIDString = F69E051F2DDB5EEC00133816;
			remoteInfo = Holme;
		};
/* End PBXContainerItemProxy section */

/* Begin PBXFileReference section */
		F69E05202DDB5EEC00133816 /* Holme.app */ = {isa = PBXFileReference; explicitFileType = wrapper.application; includeInIndex = 0; path = Holme.app; sourceTree = BUILT_PRODUCTS_DIR; };
		F69E052E2DDB5EEE00133816 /* HolmeTests.xctest */ = {isa = PBXFileReference; explicitFileType = wrapper.cfbundle; includeInIndex = 0; path = HolmeTests.xctest; sourceTree = BUILT_PRODUCTS_DIR; };
		F69E05382DDB5EEE00133816 /* HolmeUITests.xctest */ = {isa = PBXFileReference; explicitFileType = wrapper.cfbundle; includeInIndex = 0; path = HolmeUITests.xctest; sourceTree = BUILT_PRODUCTS_DIR; };
/* End PBXFileReference section */

/* Begin PBXFileSystemSynchronizedRootGroup section */
		F69E05222DDB5EEC00133816 /* Holme */ = {
			isa = PBXFileSystemSynchronizedRootGroup;
			path = Holme;
			sourceTree = "<group>";
		};
		F69E05312DDB5EEE00133816 /* HolmeTests */ = {
			isa = PBXFileSystemSynchronizedRootGroup;
			path = HolmeTests;
			sourceTree = "<group>";
		};
		F69E053B2DDB5EEE00133816 /* HolmeUITests */ = {
			isa = PBXFileSystemSynchronizedRootGroup;
			path = HolmeUITests;
			sourceTree = "<group>";
		};
/* End PBXFileSystemSynchronizedRootGroup section */

/* Begin PBXFrameworksBuildPhase section */
		F69E051D2DDB5EEC00133816 /* Frameworks */ = {
			isa = PBXFrameworksBuildPhase;
			buildActionMask = 2147483647;
			files = (
			);
			runOnlyForDeploymentPostprocessing = 0;
		};
		F69E052B2DDB5EEE00133816 /* Frameworks */ = {
			isa = PBXFrameworksBuildPhase;
			buildActionMask = 2147483647;
			files = (
			);
			runOnlyForDeploymentPostprocessing = 0;
		};
		F69E05352DDB5EEE00133816 /* Frameworks */ = {
			isa = PBXFrameworksBuildPhase;
			buildActionMask = 2147483647;
			files = (
			);
			runOnlyForDeploymentPostprocessing = 0;
		};
/* End PBXFrameworksBuildPhase section */

/* Begin PBXGroup section */
		F69E05172DDB5EEC00133816 = {
			isa = PBXGroup;
			children = (
				F69E05222DDB5EEC00133816 /* Holme */,
				F69E05312DDB5EEE00133816 /* HolmeTests */,
				F69E053B2DDB5EEE00133816 /* HolmeUITests */,
				F69E05212DDB5EEC00133816 /* Products */,
			);
			sourceTree = "<group>";
		};
		F69E05212DDB5EEC00133816 /* Products */ = {
			isa = PBXGroup;
			children = (
				F69E05202DDB5EEC00133816 /* Holme.app */,
				F69E052E2DDB5EEE00133816 /* HolmeTests.xctest */,
				F69E05382DDB5EEE00133816 /* HolmeUITests.xctest */,
			);
			name = Products;
			sourceTree = "<group>";
		};
/* End PBXGroup section */

/* Begin PBXNativeTarget section */
		F69E051F2DDB5EEC00133816 /* Holme */ = {
			isa = PBXNativeTarget;
			buildConfigurationList = F69E05422DDB5EEE00133816 /* Build configuration list for PBXNativeTarget "Holme" */;
			buildPhases = (
				F69E051C2DDB5EEC00133816 /* Sources */,
				F69E051D2DDB5EEC00133816 /* Frameworks */,
				F69E051E2DDB5EEC00133816 /* Resources */,
			);
			buildRules = (
			);
			dependencies = (
			);
			fileSystemSynchronizedGroups = (
				F69E05222DDB5EEC00133816 /* Holme */,
			);
			name = Holme;
			packageProductDependencies = (
			);
			productName = Holme;
			productReference = F69E05202DDB5EEC00133816 /* Holme.app */;
			productType = "com.apple.product-type.application";
		};
		F69E052D2DDB5EEE00133816 /* HolmeTests */ = {
			isa = PBXNativeTarget;
			buildConfigurationList = F69E05452DDB5EEE00133816 /* Build configuration list for PBXNativeTarget "HolmeTests" */;
			buildPhases = (
				F69E052A2DDB5EEE00133816 /* Sources */,
				F69E052B2DDB5EEE00133816 /* Frameworks */,
				F69E052C2DDB5EEE00133816 /* Resources */,
			);
			buildRules = (
			);
			dependencies = (
				F69E05302DDB5EEE00133816 /* PBXTargetDependency */,
			);
			fileSystemSynchronizedGroups = (
				F69E05312DDB5EEE00133816 /* HolmeTests */,
			);
			name = HolmeTests;
			packageProductDependencies = (
			);
			productName = HolmeTests;
			productReference = F69E052E2DDB5EEE00133816 /* HolmeTests.xctest */;
			productType = "com.apple.product-type.bundle.unit-test";
		};
		F69E05372DDB5EEE00133816 /* HolmeUITests */ = {
			isa = PBXNativeTarget;
			buildConfigurationList = F69E05482DDB5EEE00133816 /* Build configuration list for PBXNativeTarget "HolmeUITests" */;
			buildPhases = (
				F69E05342DDB5EEE00133816 /* Sources */,
				F69E05352DDB5EEE00133816 /* Frameworks */,
				F69E05362DDB5EEE00133816 /* Resources */,
			);
			buildRules = (
			);
			dependencies = (
				F69E053A2DDB5EEE00133816 /* PBXTargetDependency */,
			);
			fileSystemSynchronizedGroups = (
				F69E053B2DDB5EEE00133816 /* HolmeUITests */,
			);
			name = HolmeUITests;
			packageProductDependencies = (
			);
			productName = HolmeUITests;
			productReference = F69E05382DDB5EEE00133816 /* HolmeUITests.xctest */;
			productType = "com.apple.product-type.bundle.ui-testing";
		};
/* End PBXNativeTarget section */

/* Begin PBXProject section */
		F69E05182DDB5EEC00133816 /* Project object */ = {
			isa = PBXProject;
			attributes = {
				BuildIndependentTargetsInParallel = 1;
				LastSwiftUpdateCheck = 1630;
				LastUpgradeCheck = 1630;
				TargetAttributes = {
					F69E051F2DDB5EEC00133816 = {
						CreatedOnToolsVersion = 16.3;
					};
					F69E052D2DDB5EEE00133816 = {
						CreatedOnToolsVersion = 16.3;
						TestTargetID = F69E051F2DDB5EEC00133816;
					};
					F69E05372DDB5EEE00133816 = {
						CreatedOnToolsVersion = 16.3;
						TestTargetID = F69E051F2DDB5EEC00133816;
					};
				};
			};
			buildConfigurationList = F69E051B2DDB5EEC00133816 /* Build configuration list for PBXProject "Holme" */;
			developmentRegion = en;
			hasScannedForEncodings = 0;
			knownRegions = (
				en,
				Base,
			);
			mainGroup = F69E05172DDB5EEC00133816;
			minimizedProjectReferenceProxies = 1;
			preferredProjectObjectVersion = 77;
			productRefGroup = F69E05212DDB5EEC00133816 /* Products */;
			projectDirPath = "";
			projectRoot = "";
			targets = (
				F69E051F2DDB5EEC00133816 /* Holme */,
				F69E052D2DDB5EEE00133816 /* HolmeTests */,
				F69E05372DDB5EEE00133816 /* HolmeUITests */,
			);
		};
/* End PBXProject section */

/* Begin PBXResourcesBuildPhase section */
		F69E051E2DDB5EEC00133816 /* Resources */ = {
			isa = PBXResourcesBuildPhase;
			buildActionMask = 2147483647;
			files = (
			);
			runOnlyForDeploymentPostprocessing = 0;
		};
		F69E052C2DDB5EEE00133816 /* Resources */ = {
			isa = PBXResourcesBuildPhase;
			buildActionMask = 2147483647;
			files = (
			);
			runOnlyForDeploymentPostprocessing = 0;
		};
		F69E05362DDB5EEE00133816 /* Resources */ = {
			isa = PBXResourcesBuildPhase;
			buildActionMask = 2147483647;
			files = (
			);
			runOnlyForDeploymentPostprocessing = 0;
		};
/* End PBXResourcesBuildPhase section */

/* Begin PBXSourcesBuildPhase section */
		F69E051C2DDB5EEC00133816 /* Sources */ = {
			isa = PBXSourcesBuildPhase;
			buildActionMask = 2147483647;
			files = (
			);
			runOnlyForDeploymentPostprocessing = 0;
		};
		F69E052A2DDB5EEE00133816 /* Sources */ = {
			isa = PBXSourcesBuildPhase;
			buildActionMask = 2147483647;
			files = (
			);
			runOnlyForDeploymentPostprocessing = 0;
		};
		F69E05342DDB5EEE00133816 /* Sources */ = {
			isa = PBXSourcesBuildPhase;
			buildActionMask = 2147483647;
			files = (
			);
			runOnlyForDeploymentPostprocessing = 0;
		};
/* End PBXSourcesBuildPhase section */

/* Begin PBXTargetDependency section */
		F69E05302DDB5EEE00133816 /* PBXTargetDependency */ = {
			isa = PBXTargetDependency;
			target = F69E051F2DDB5EEC00133816 /* Holme */;
			targetProxy = F69E052F2DDB5EEE00133816 /* PBXContainerItemProxy */;
		};
		F69E053A2DDB5EEE00133816 /* PBXTargetDependency */ = {
			isa = PBXTargetDependency;
			target = F69E051F2DDB5EEC00133816 /* Holme */;
			targetProxy = F69E05392DDB5EEE00133816 /* PBXContainerItemProxy */;
		};
/* End PBXTargetDependency section */

/* Begin XCBuildConfiguration section */
		F69E05402DDB5EEE00133816 /* Debug */ = {
			isa = XCBuildConfiguration;
			buildSettings = {
				ALWAYS_SEARCH_USER_PATHS = NO;
				ASSETCATALOG_COMPILER_GENERATE_SWIFT_ASSET_SYMBOL_EXTENSIONS = YES;
				CLANG_ANALYZER_NONNULL = YES;
				CLANG_ANALYZER_NUMBER_OBJECT_CONVERSION = YES_AGGRESSIVE;
				CLANG_CXX_LANGUAGE_STANDARD = "gnu++20";
				CLANG_ENABLE_MODULES = YES;
				CLANG_ENABLE_OBJC_ARC = YES;
				CLANG_ENABLE_OBJC_WEAK = YES;
				CLANG_WARN_BLOCK_CAPTURE_AUTORELEASING = YES;
				CLANG_WARN_BOOL_CONVERSION = YES;
				CLANG_WARN_COMMA = YES;
				CLANG_WARN_CONSTANT_CONVERSION = YES;
				CLANG_WARN_DEPRECATED_OBJC_IMPLEMENTATIONS = YES;
				CLANG_WARN_DIRECT_OBJC_ISA_USAGE = YES_ERROR;
				CLANG_WARN_DOCUMENTATION_COMMENTS = YES;
				CLANG_WARN_EMPTY_BODY = YES;
				CLANG_WARN_ENUM_CONVERSION = YES;
				CLANG_WARN_INFINITE_RECURSION = YES;
				CLANG_WARN_INT_CONVERSION = YES;
				CLANG_WARN_NON_LITERAL_NULL_CONVERSION = YES;
				CLANG_WARN_OBJC_IMPLICIT_RETAIN_SELF = YES;
				CLANG_WARN_OBJC_LITERAL_CONVERSION = YES;
				CLANG_WARN_OBJC_ROOT_CLASS = YES_ERROR;
				CLANG_WARN_QUOTED_INCLUDE_IN_FRAMEWORK_HEADER = YES;
				CLANG_WARN_RANGE_LOOP_ANALYSIS = YES;
				CLANG_WARN_STRICT_PROTOTYPES = YES;
				CLANG_WARN_SUSPICIOUS_MOVE = YES;
				CLANG_WARN_UNGUARDED_AVAILABILITY = YES_AGGRESSIVE;
				CLANG_WARN_UNREACHABLE_CODE = YES;
				CLANG_WARN__DUPLICATE_METHOD_MATCH = YES;
				COPY_PHASE_STRIP = NO;
				DEBUG_INFORMATION_FORMAT = dwarf;
				DEVELOPMENT_TEAM = TB65GXLC46;
				ENABLE_STRICT_OBJC_MSGSEND = YES;
				ENABLE_TESTABILITY = YES;
				ENABLE_USER_SCRIPT_SANDBOXING = YES;
				GCC_C_LANGUAGE_STANDARD = gnu17;
				GCC_DYNAMIC_NO_PIC = NO;
				GCC_NO_COMMON_BLOCKS = YES;
				GCC_OPTIMIZATION_LEVEL = 0;
				GCC_PREPROCESSOR_DEFINITIONS = (
					"DEBUG=1",
					"$(inherited)",
				);
				GCC_WARN_64_TO_32_BIT_CONVERSION = YES;
				GCC_WARN_ABOUT_RETURN_TYPE = YES_ERROR;
				GCC_WARN_UNDECLARED_SELECTOR = YES;
				GCC_WARN_UNINITIALIZED_AUTOS = YES_AGGRESSIVE;
				GCC_WARN_UNUSED_FUNCTION = YES;
				GCC_WARN_UNUSED_VARIABLE = YES;
				LOCALIZATION_PREFERS_STRING_CATALOGS = YES;
				MACOSX_DEPLOYMENT_TARGET = 15.4;
				MTL_ENABLE_DEBUG_INFO = INCLUDE_SOURCE;
				MTL_FAST_MATH = YES;
				ONLY_ACTIVE_ARCH = YES;
				SDKROOT = macosx;
				SWIFT_ACTIVE_COMPILATION_CONDITIONS = "DEBUG $(inherited)";
				SWIFT_OPTIMIZATION_LEVEL = "-Onone";
			};
			name = Debug;
		};
		F69E05412DDB5EEE00133816 /* Release */ = {
			isa = XCBuildConfiguration;
			buildSettings = {
				ALWAYS_SEARCH_USER_PATHS = NO;
				ASSETCATALOG_COMPILER_GENERATE_SWIFT_ASSET_SYMBOL_EXTENSIONS = YES;
				CLANG_ANALYZER_NONNULL = YES;
				CLANG_ANALYZER_NUMBER_OBJECT_CONVERSION = YES_AGGRESSIVE;
				CLANG_CXX_LANGUAGE_STANDARD = "gnu++20";
				CLANG_ENABLE_MODULES = YES;
				CLANG_ENABLE_OBJC_ARC = YES;
				CLANG_ENABLE_OBJC_WEAK = YES;
				CLANG_WARN_BLOCK_CAPTURE_AUTORELEASING = YES;
				CLANG_WARN_BOOL_CONVERSION = YES;
				CLANG_WARN_COMMA = YES;
				CLANG_WARN_CONSTANT_CONVERSION = YES;
				CLANG_WARN_DEPRECATED_OBJC_IMPLEMENTATIONS = YES;
				CLANG_WARN_DIRECT_OBJC_ISA_USAGE = YES_ERROR;
				CLANG_WARN_DOCUMENTATION_COMMENTS = YES;
				CLANG_WARN_EMPTY_BODY = YES;
				CLANG_WARN_ENUM_CONVERSION = YES;
				CLANG_WARN_INFINITE_RECURSION = YES;
				CLANG_WARN_INT_CONVERSION = YES;
				CLANG_WARN_NON_LITERAL_NULL_CONVERSION = YES;
				CLANG_WARN_OBJC_IMPLICIT_RETAIN_SELF = YES;
				CLANG_WARN_OBJC_LITERAL_CONVERSION = YES;
				CLANG_WARN_OBJC_ROOT_CLASS = YES_ERROR;
				CLANG_WARN_QUOTED_INCLUDE_IN_FRAMEWORK_HEADER = YES;
				CLANG_WARN_RANGE_LOOP_ANALYSIS = YES;
				CLANG_WARN_STRICT_PROTOTYPES = YES;
				CLANG_WARN_SUSPICIOUS_MOVE = YES;
				CLANG_WARN_UNGUARDED_AVAILABILITY = YES_AGGRESSIVE;
				CLANG_WARN_UNREACHABLE_CODE = YES;
				CLANG_WARN__DUPLICATE_METHOD_MATCH = YES;
				COPY_PHASE_STRIP = NO;
				DEBUG_INFORMATION_FORMAT = "dwarf-with-dsym";
				DEVELOPMENT_TEAM = TB65GXLC46;
				ENABLE_NS_ASSERTIONS = NO;
				ENABLE_STRICT_OBJC_MSGSEND = YES;
				ENABLE_USER_SCRIPT_SANDBOXING = YES;
				GCC_C_LANGUAGE_STANDARD = gnu17;
				GCC_NO_COMMON_BLOCKS = YES;
				GCC_WARN_64_TO_32_BIT_CONVERSION = YES;
				GCC_WARN_ABOUT_RETURN_TYPE = YES_ERROR;
				GCC_WARN_UNDECLARED_SELECTOR = YES;
				GCC_WARN_UNINITIALIZED_AUTOS = YES_AGGRESSIVE;
				GCC_WARN_UNUSED_FUNCTION = YES;
				GCC_WARN_UNUSED_VARIABLE = YES;
				LOCALIZATION_PREFERS_STRING_CATALOGS = YES;
				MACOSX_DEPLOYMENT_TARGET = 15.4;
				MTL_ENABLE_DEBUG_INFO = NO;
				MTL_FAST_MATH = YES;
				SDKROOT = macosx;
				SWIFT_COMPILATION_MODE = wholemodule;
			};
			name = Release;
		};
		F69E05432DDB5EEE00133816 /* Debug */ = {
			isa = XCBuildConfiguration;
			buildSettings = {
				ASSETCATALOG_COMPILER_APPICON_NAME = AppIcon;
				ASSETCATALOG_COMPILER_GLOBAL_ACCENT_COLOR_NAME = AccentColor;
				CODE_SIGN_ENTITLEMENTS = Holme/Holme.entitlements;
				CODE_SIGN_STYLE = Automatic;
				COMBINE_HIDPI_IMAGES = YES;
				CURRENT_PROJECT_VERSION = 1;
				DEVELOPMENT_TEAM = TB65GXLC46;
				ENABLE_HARDENED_RUNTIME = YES;
				ENABLE_PREVIEWS = YES;
				GENERATE_INFOPLIST_FILE = YES;
				INFOPLIST_KEY_LSUIElement = YES;
				INFOPLIST_KEY_NSHumanReadableCopyright = "";
				LD_RUNPATH_SEARCH_PATHS = (
					"$(inherited)",
					"@executable_path/../Frameworks",
				);
				MARKETING_VERSION = 1.0;
				PRODUCT_BUNDLE_IDENTIFIER = Baryla.Holme;
				PRODUCT_NAME = "$(TARGET_NAME)";
				REGISTER_APP_GROUPS = YES;
				SWIFT_EMIT_LOC_STRINGS = YES;
				SWIFT_VERSION = 5.0;
			};
			name = Debug;
		};
		F69E05442DDB5EEE00133816 /* Release */ = {
			isa = XCBuildConfiguration;
			buildSettings = {
				ASSETCATALOG_COMPILER_APPICON_NAME = AppIcon;
				ASSETCATALOG_COMPILER_GLOBAL_ACCENT_COLOR_NAME = AccentColor;
				CODE_SIGN_ENTITLEMENTS = Holme/Holme.entitlements;
				CODE_SIGN_STYLE = Automatic;
				COMBINE_HIDPI_IMAGES = YES;
				CURRENT_PROJECT_VERSION = 1;
				DEVELOPMENT_TEAM = TB65GXLC46;
				ENABLE_HARDENED_RUNTIME = YES;
				ENABLE_PREVIEWS = YES;
				GENERATE_INFOPLIST_FILE = YES;
				INFOPLIST_KEY_LSUIElement = YES;
				INFOPLIST_KEY_NSHumanReadableCopyright = "";
				LD_RUNPATH_SEARCH_PATHS = (
					"$(inherited)",
					"@executable_path/../Frameworks",
				);
				MARKETING_VERSION = 1.0;
				PRODUCT_BUNDLE_IDENTIFIER = Baryla.Holme;
				PRODUCT_NAME = "$(TARGET_NAME)";
				REGISTER_APP_GROUPS = YES;
				SWIFT_EMIT_LOC_STRINGS = YES;
				SWIFT_VERSION = 5.0;
			};
			name = Release;
		};
		F69E05462DDB5EEE00133816 /* Debug */ = {
			isa = XCBuildConfiguration;
			buildSettings = {
				BUNDLE_LOADER = "$(TEST_HOST)";
				CODE_SIGN_STYLE = Automatic;
				CURRENT_PROJECT_VERSION = 1;
				DEVELOPMENT_TEAM = TB65GXLC46;
				GENERATE_INFOPLIST_FILE = YES;
				MACOSX_DEPLOYMENT_TARGET = 15.4;
				MARKETING_VERSION = 1.0;
				PRODUCT_BUNDLE_IDENTIFIER = Baryla.HolmeTests;
				PRODUCT_NAME = "$(TARGET_NAME)";
				SWIFT_EMIT_LOC_STRINGS = NO;
				SWIFT_VERSION = 5.0;
				TEST_HOST = "$(BUILT_PRODUCTS_DIR)/Holme.app/$(BUNDLE_EXECUTABLE_FOLDER_PATH)/Holme";
			};
			name = Debug;
		};
		F69E05472DDB5EEE00133816 /* Release */ = {
			isa = XCBuildConfiguration;
			buildSettings = {
				BUNDLE_LOADER = "$(TEST_HOST)";
				CODE_SIGN_STYLE = Automatic;
				CURRENT_PROJECT_VERSION = 1;
				DEVELOPMENT_TEAM = TB65GXLC46;
				GENERATE_INFOPLIST_FILE = YES;
				MACOSX_DEPLOYMENT_TARGET = 15.4;
				MARKETING_VERSION = 1.0;
				PRODUCT_BUNDLE_IDENTIFIER = Baryla.HolmeTests;
				PRODUCT_NAME = "$(TARGET_NAME)";
				SWIFT_EMIT_LOC_STRINGS = NO;
				SWIFT_VERSION = 5.0;
				TEST_HOST = "$(BUILT_PRODUCTS_DIR)/Holme.app/$(BUNDLE_EXECUTABLE_FOLDER_PATH)/Holme";
			};
			name = Release;
		};
		F69E05492DDB5EEE00133816 /* Debug */ = {
			isa = XCBuildConfiguration;
			buildSettings = {
				CODE_SIGN_STYLE = Automatic;
				CURRENT_PROJECT_VERSION = 1;
				DEVELOPMENT_TEAM = TB65GXLC46;
				GENERATE_INFOPLIST_FILE = YES;
				MARKETING_VERSION = 1.0;
				PRODUCT_BUNDLE_IDENTIFIER = Baryla.HolmeUITests;
				PRODUCT_NAME = "$(TARGET_NAME)";
				SWIFT_EMIT_LOC_STRINGS = NO;
				SWIFT_VERSION = 5.0;
				TEST_TARGET_NAME = Holme;
			};
			name = Debug;
		};
		F69E054A2DDB5EEE00133816 /* Release */ = {
			isa = XCBuildConfiguration;
			buildSettings = {
				CODE_SIGN_STYLE = Automatic;
				CURRENT_PROJECT_VERSION = 1;
				DEVELOPMENT_TEAM = TB65GXLC46;
				GENERATE_INFOPLIST_FILE = YES;
				MARKETING_VERSION = 1.0;
				PRODUCT_BUNDLE_IDENTIFIER = Baryla.HolmeUITests;
				PRODUCT_NAME = "$(TARGET_NAME)";
				SWIFT_EMIT_LOC_STRINGS = NO;
				SWIFT_VERSION = 5.0;
				TEST_TARGET_NAME = Holme;
			};
			name = Release;
		};
/* End XCBuildConfiguration section */

/* Begin XCConfigurationList section */
		F69E051B2DDB5EEC00133816 /* Build configuration list for PBXProject "Holme" */ = {
			isa = XCConfigurationList;
			buildConfigurations = (
				F69E05402DDB5EEE00133816 /* Debug */,
				F69E05412DDB5EEE00133816 /* Release */,
			);
			defaultConfigurationIsVisible = 0;
			defaultConfigurationName = Release;
		};
		F69E05422DDB5EEE00133816 /* Build configuration list for PBXNativeTarget "Holme" */ = {
			isa = XCConfigurationList;
			buildConfigurations = (
				F69E05432DDB5EEE00133816 /* Debug */,
				F69E05442DDB5EEE00133816 /* Release */,
			);
			defaultConfigurationIsVisible = 0;
			defaultConfigurationName = Release;
		};
		F69E05452DDB5EEE00133816 /* Build configuration list for PBXNativeTarget "HolmeTests" */ = {
			isa = XCConfigurationList;
			buildConfigurations = (
				F69E05462DDB5EEE00133816 /* Debug */,
				F69E05472DDB5EEE00133816 /* Release */,
			);
			defaultConfigurationIsVisible = 0;
			defaultConfigurationName = Release;
		};
		F69E05482DDB5EEE00133816 /* Build configuration list for PBXNativeTarget "HolmeUITests" */ = {
			isa = XCConfigurationList;
			buildConfigurations = (
				F69E05492DDB5EEE00133816 /* Debug */,
				F69E054A2DDB5EEE00133816 /* Release */,
			);
			defaultConfigurationIsVisible = 0;
			defaultConfigurationName = Release;
		};
/* End XCConfigurationList section */
	};
	rootObject = F69E05182DDB5EEC00133816 /* Project object */;
}
